
Microsoft Visual Studio Solution File, Format Version 12.00
# Visual Studio 2013
VisualStudioVersion = 12.0.21005.1
MinimumVisualStudioVersion = 10.0.40219.1
Project("{FAE04EC0-301F-11D3-BF4B-00C04F79EFBC}") = "PureSharp", "PureSharp\PureSharp.csproj", "{99FEB2D8-C661-4FE4-A0CC-328B34E88D73}"
EndProject
Project("{FAE04EC0-301F-11D3-BF4B-00C04F79EFBC}") = "PureSharp.Tests", "PureSharp.Tests\PureSharp.Tests.csproj", "{90D69E11-BD8D-4F11-8EC1-CF6685794D48}"
EndProject
Project("{FAE04EC0-301F-11D3-BF4B-00C04F79EFBC}") = "PureSharp.Extensions", "PureSharp.Extensions\PureSharp.Extensions.csproj", "{3CF0A7F9-6AF3-4F66-873B-C1AFFD15F120}"
EndProject
Global
	GlobalSection(SolutionConfigurationPlatforms) = preSolution
		Debug|Any CPU = Debug|Any CPU
		Release|Any CPU = Release|Any CPU
	EndGlobalSection
	GlobalSection(ProjectConfigurationPlatforms) = postSolution
		{99FEB2D8-C661-4FE4-A0CC-328B34E88D73}.Debug|Any CPU.ActiveCfg = Debug|Any CPU
		{99FEB2D8-C661-4FE4-A0CC-328B34E88D73}.Debug|Any CPU.Build.0 = Debug|Any CPU
		{99FEB2D8-C661-4FE4-A0CC-328B34E88D73}.Release|Any CPU.ActiveCfg = Release|Any CPU
		{99FEB2D8-C661-4FE4-A0CC-328B34E88D73}.Release|Any CPU.Build.0 = Release|Any CPU
		{90D69E11-BD8D-4F11-8EC1-CF6685794D48}.Debug|Any CPU.ActiveCfg = Debug|Any CPU
		{90D69E11-BD8D-4F11-8EC1-CF6685794D48}.Debug|Any CPU.Build.0 = Debug|Any CPU
		{90D69E11-BD8D-4F11-8EC1-CF6685794D48}.Release|Any CPU.ActiveCfg = Release|Any CPU
		{90D69E11-BD8D-4F11-8EC1-CF6685794D48}.Release|Any CPU.Build.0 = Release|Any CPU
		{3CF0A7F9-6AF3-4F66-873B-C1AFFD15F120}.Debug|Any CPU.ActiveCfg = Debug|Any CPU
		{3CF0A7F9-6AF3-4F66-873B-C1AFFD15F120}.Debug|Any CPU.Build.0 = Debug|Any CPU
		{3CF0A7F9-6AF3-4F66-873B-C1AFFD15F120}.Release|Any CPU.ActiveCfg = Release|Any CPU
		{3CF0A7F9-6AF3-4F66-873B-C1AFFD15F120}.Release|Any CPU.Build.0 = Release|Any CPU
	EndGlobalSection
	GlobalSection(SolutionProperties) = preSolution
		HideSolutionNode = FALSE
	EndGlobalSection
EndGlobal
